
Microsoft Visual Studio Solution File, Format Version 12.00
# Visual Studio 15
VisualStudioVersion = 15.0.28010.2016
MinimumVisualStudioVersion = 10.0.40219.1
Project("{FAE04EC0-301F-11D3-BF4B-00C04F79EFBC}") = "Lab_13", "Lab_13\Lab_13.csproj", "{D7D5CD28-5B6A-43F3-A8FB-B33F7B74C1F8}"
EndProject
Project("{FAE04EC0-301F-11D3-BF4B-00C04F79EFBC}") = "ClassLibrary", "ClassLibrary\ClassLibrary.csproj", "{2C1D0902-384B-4442-B248-C13728F2820F}"
EndProject
Global
	GlobalSection(SolutionConfigurationPlatforms) = preSolution
		Debug|Any CPU = Debug|Any CPU
		Release|Any CPU = Release|Any CPU
	EndGlobalSection
	GlobalSection(ProjectConfigurationPlatforms) = postSolution
		{D7D5CD28-5B6A-43F3-A8FB-B33F7B74C1F8}.Debug|Any CPU.ActiveCfg = Debug|Any CPU
		{D7D5CD28-5B6A-43F3-A8FB-B33F7B74C1F8}.Debug|Any CPU.Build.0 = Debug|Any CPU
		{D7D5CD28-5B6A-43F3-A8FB-B33F7B74C1F8}.Release|Any CPU.ActiveCfg = Release|Any CPU
		{D7D5CD28-5B6A-43F3-A8FB-B33F7B74C1F8}.Release|Any CPU.Build.0 = Release|Any CPU
		{2C1D0902-384B-4442-B248-C13728F2820F}.Debug|Any CPU.ActiveCfg = Debug|Any CPU
		{2C1D0902-384B-4442-B248-C13728F2820F}.Debug|Any CPU.Build.0 = Debug|Any CPU
		{2C1D0902-384B-4442-B248-C13728F2820F}.Release|Any CPU.ActiveCfg = Release|Any CPU
		{2C1D0902-384B-4442-B248-C13728F2820F}.Release|Any CPU.Build.0 = Release|Any CPU
	EndGlobalSection
	GlobalSection(SolutionProperties) = preSolution
		HideSolutionNode = FALSE
	EndGlobalSection
	GlobalSection(ExtensibilityGlobals) = postSolution
		SolutionGuid = {446E6945-1CEF-493E-A054-F8A89F0C9C2D}
	EndGlobalSection
EndGlobal
